// !$*UTF8*$!
{
	archiveVersion = 1;
	classes = {
	};
	objectVersion = 56;
	objects = {

/* Begin PBXBuildFile section */
		095D46DD2A615DCE002EAA82 /* CaseStudyiOSApp.swift in Sources */ = {isa = PBXBuildFile; fileRef = 095D46DC2A615DCE002EAA82 /* CaseStudyiOSApp.swift */; };
		095D46DF2A615DCE002EAA82 /* SignupView.swift in Sources */ = {isa = PBXBuildFile; fileRef = 095D46DE2A615DCE002EAA82 /* SignupView.swift */; };
		095D46E12A615DCF002EAA82 /* Assets.xcassets in Resources */ = {isa = PBXBuildFile; fileRef = 095D46E02A615DCF002EAA82 /* Assets.xcassets */; };
		095D46E42A615DCF002EAA82 /* Preview Assets.xcassets in Resources */ = {isa = PBXBuildFile; fileRef = 095D46E32A615DCF002EAA82 /* Preview Assets.xcassets */; };
		095D46EE2A615DCF002EAA82 /* CaseStudyiOSTests.swift in Sources */ = {isa = PBXBuildFile; fileRef = 095D46ED2A615DCF002EAA82 /* CaseStudyiOSTests.swift */; };
		095D46F82A615DCF002EAA82 /* CaseStudyiOSUITests.swift in Sources */ = {isa = PBXBuildFile; fileRef = 095D46F72A615DCF002EAA82 /* CaseStudyiOSUITests.swift */; };
		095D46FA2A615DCF002EAA82 /* CaseStudyiOSUITestsLaunchTests.swift in Sources */ = {isa = PBXBuildFile; fileRef = 095D46F92A615DCF002EAA82 /* CaseStudyiOSUITestsLaunchTests.swift */; };
		09DAEE842A61746F0043A0F5 /* CSTextField.swift in Sources */ = {isa = PBXBuildFile; fileRef = 09DAEE832A61746F0043A0F5 /* CSTextField.swift */; };
		09DAEE862A62A2CB0043A0F5 /* SignupViewModel.swift in Sources */ = {isa = PBXBuildFile; fileRef = 09DAEE852A62A2CB0043A0F5 /* SignupViewModel.swift */; };
		09DAEE882A62A88F0043A0F5 /* CSButton.swift in Sources */ = {isa = PBXBuildFile; fileRef = 09DAEE872A62A88F0043A0F5 /* CSButton.swift */; };
		09DAEE8A2A62AB4F0043A0F5 /* CSTextFieldModifier.swift in Sources */ = {isa = PBXBuildFile; fileRef = 09DAEE892A62AB4F0043A0F5 /* CSTextFieldModifier.swift */; };
		09DAEE8E2A62C7590043A0F5 /* SignupTests.swift in Sources */ = {isa = PBXBuildFile; fileRef = 09DAEE8D2A62C7590043A0F5 /* SignupTests.swift */; };
		42EAF9F4E76F6D5C9CFA5E42 /* Pods_CaseStudyiOS_CaseStudyiOSUITests.framework in Frameworks */ = {isa = PBXBuildFile; fileRef = BB281349672C9CDE01589C49 /* Pods_CaseStudyiOS_CaseStudyiOSUITests.framework */; };
		CCA7C04D5C52A025F255EB93 /* Pods_CaseStudyiOS.framework in Frameworks */ = {isa = PBXBuildFile; fileRef = 88FF382A4E082056A61CD041 /* Pods_CaseStudyiOS.framework */; };
		DAB609D1DEF8B077BC3C76CD /* Pods_CaseStudyiOSTests.framework in Frameworks */ = {isa = PBXBuildFile; fileRef = D400099224805B5B59CF7ACC /* Pods_CaseStudyiOSTests.framework */; };
/* End PBXBuildFile section */

/* Begin PBXContainerItemProxy section */
		095D46EA2A615DCF002EAA82 /* PBXContainerItemProxy */ = {
			isa = PBXContainerItemProxy;
			containerPortal = 095D46D12A615DCE002EAA82 /* Project object */;
			proxyType = 1;
			remoteGlobalIDString = 095D46D82A615DCE002EAA82;
			remoteInfo = CaseStudyiOS;
		};
		095D46F42A615DCF002EAA82 /* PBXContainerItemProxy */ = {
			isa = PBXContainerItemProxy;
			containerPortal = 095D46D12A615DCE002EAA82 /* Project object */;
			proxyType = 1;
			remoteGlobalIDString = 095D46D82A615DCE002EAA82;
			remoteInfo = CaseStudyiOS;
		};
/* End PBXContainerItemProxy section */

/* Begin PBXFileReference section */
		095D46D92A615DCE002EAA82 /* CaseStudyiOS.app */ = {isa = PBXFileReference; explicitFileType = wrapper.application; includeInIndex = 0; path = CaseStudyiOS.app; sourceTree = BUILT_PRODUCTS_DIR; };
		095D46DC2A615DCE002EAA82 /* CaseStudyiOSApp.swift */ = {isa = PBXFileReference; lastKnownFileType = sourcecode.swift; path = CaseStudyiOSApp.swift; sourceTree = "<group>"; };
		095D46DE2A615DCE002EAA82 /* SignupView.swift */ = {isa = PBXFileReference; lastKnownFileType = sourcecode.swift; path = SignupView.swift; sourceTree = "<group>"; };
		095D46E02A615DCF002EAA82 /* Assets.xcassets */ = {isa = PBXFileReference; lastKnownFileType = folder.assetcatalog; path = Assets.xcassets; sourceTree = "<group>"; };
		095D46E32A615DCF002EAA82 /* Preview Assets.xcassets */ = {isa = PBXFileReference; lastKnownFileType = folder.assetcatalog; path = "Preview Assets.xcassets"; sourceTree = "<group>"; };
		095D46E92A615DCF002EAA82 /* CaseStudyiOSTests.xctest */ = {isa = PBXFileReference; explicitFileType = wrapper.cfbundle; includeInIndex = 0; path = CaseStudyiOSTests.xctest; sourceTree = BUILT_PRODUCTS_DIR; };
		095D46ED2A615DCF002EAA82 /* CaseStudyiOSTests.swift */ = {isa = PBXFileReference; lastKnownFileType = sourcecode.swift; path = CaseStudyiOSTests.swift; sourceTree = "<group>"; };
		095D46F32A615DCF002EAA82 /* CaseStudyiOSUITests.xctest */ = {isa = PBXFileReference; explicitFileType = wrapper.cfbundle; includeInIndex = 0; path = CaseStudyiOSUITests.xctest; sourceTree = BUILT_PRODUCTS_DIR; };
		095D46F72A615DCF002EAA82 /* CaseStudyiOSUITests.swift */ = {isa = PBXFileReference; lastKnownFileType = sourcecode.swift; path = CaseStudyiOSUITests.swift; sourceTree = "<group>"; };
		095D46F92A615DCF002EAA82 /* CaseStudyiOSUITestsLaunchTests.swift */ = {isa = PBXFileReference; lastKnownFileType = sourcecode.swift; path = CaseStudyiOSUITestsLaunchTests.swift; sourceTree = "<group>"; };
		09DAEE832A61746F0043A0F5 /* CSTextField.swift */ = {isa = PBXFileReference; lastKnownFileType = sourcecode.swift; path = CSTextField.swift; sourceTree = "<group>"; };
		09DAEE852A62A2CB0043A0F5 /* SignupViewModel.swift */ = {isa = PBXFileReference; lastKnownFileType = sourcecode.swift; path = SignupViewModel.swift; sourceTree = "<group>"; };
		09DAEE872A62A88F0043A0F5 /* CSButton.swift */ = {isa = PBXFileReference; lastKnownFileType = sourcecode.swift; path = CSButton.swift; sourceTree = "<group>"; };
		09DAEE892A62AB4F0043A0F5 /* CSTextFieldModifier.swift */ = {isa = PBXFileReference; lastKnownFileType = sourcecode.swift; path = CSTextFieldModifier.swift; sourceTree = "<group>"; };
		09DAEE8D2A62C7590043A0F5 /* SignupTests.swift */ = {isa = PBXFileReference; lastKnownFileType = sourcecode.swift; path = SignupTests.swift; sourceTree = "<group>"; };
		17E3F4B1C94FCBE11AACEB29 /* Pods-CaseStudyiOS-CaseStudyiOSUITests.debug.xcconfig */ = {isa = PBXFileReference; includeInIndex = 1; lastKnownFileType = text.xcconfig; name = "Pods-CaseStudyiOS-CaseStudyiOSUITests.debug.xcconfig"; path = "Target Support Files/Pods-CaseStudyiOS-CaseStudyiOSUITests/Pods-CaseStudyiOS-CaseStudyiOSUITests.debug.xcconfig"; sourceTree = "<group>"; };
		33C98D6DCA3ADD2BF51DFB37 /* Pods-CaseStudyiOSTests.release.xcconfig */ = {isa = PBXFileReference; includeInIndex = 1; lastKnownFileType = text.xcconfig; name = "Pods-CaseStudyiOSTests.release.xcconfig"; path = "Target Support Files/Pods-CaseStudyiOSTests/Pods-CaseStudyiOSTests.release.xcconfig"; sourceTree = "<group>"; };
		63B479F635DBF0B464A6BE7A /* Pods-CaseStudyiOS-CaseStudyiOSUITests.release.xcconfig */ = {isa = PBXFileReference; includeInIndex = 1; lastKnownFileType = text.xcconfig; name = "Pods-CaseStudyiOS-CaseStudyiOSUITests.release.xcconfig"; path = "Target Support Files/Pods-CaseStudyiOS-CaseStudyiOSUITests/Pods-CaseStudyiOS-CaseStudyiOSUITests.release.xcconfig"; sourceTree = "<group>"; };
		88FF382A4E082056A61CD041 /* Pods_CaseStudyiOS.framework */ = {isa = PBXFileReference; explicitFileType = wrapper.framework; includeInIndex = 0; path = Pods_CaseStudyiOS.framework; sourceTree = BUILT_PRODUCTS_DIR; };
		BB281349672C9CDE01589C49 /* Pods_CaseStudyiOS_CaseStudyiOSUITests.framework */ = {isa = PBXFileReference; explicitFileType = wrapper.framework; includeInIndex = 0; path = Pods_CaseStudyiOS_CaseStudyiOSUITests.framework; sourceTree = BUILT_PRODUCTS_DIR; };
		D400099224805B5B59CF7ACC /* Pods_CaseStudyiOSTests.framework */ = {isa = PBXFileReference; explicitFileType = wrapper.framework; includeInIndex = 0; path = Pods_CaseStudyiOSTests.framework; sourceTree = BUILT_PRODUCTS_DIR; };
		E6A36DF6A73926456EF8DE88 /* Pods-CaseStudyiOS.debug.xcconfig */ = {isa = PBXFileReference; includeInIndex = 1; lastKnownFileType = text.xcconfig; name = "Pods-CaseStudyiOS.debug.xcconfig"; path = "Target Support Files/Pods-CaseStudyiOS/Pods-CaseStudyiOS.debug.xcconfig"; sourceTree = "<group>"; };
		EC2A139DA109FE16D9EFB0AC /* Pods-CaseStudyiOSTests.debug.xcconfig */ = {isa = PBXFileReference; includeInIndex = 1; lastKnownFileType = text.xcconfig; name = "Pods-CaseStudyiOSTests.debug.xcconfig"; path = "Target Support Files/Pods-CaseStudyiOSTests/Pods-CaseStudyiOSTests.debug.xcconfig"; sourceTree = "<group>"; };
		FBA4E5A1418CE6DF527E8A46 /* Pods-CaseStudyiOS.release.xcconfig */ = {isa = PBXFileReference; includeInIndex = 1; lastKnownFileType = text.xcconfig; name = "Pods-CaseStudyiOS.release.xcconfig"; path = "Target Support Files/Pods-CaseStudyiOS/Pods-CaseStudyiOS.release.xcconfig"; sourceTree = "<group>"; };
/* End PBXFileReference section */

/* Begin PBXFrameworksBuildPhase section */
		095D46D62A615DCE002EAA82 /* Frameworks */ = {
			isa = PBXFrameworksBuildPhase;
			buildActionMask = 2147483647;
			files = (
				CCA7C04D5C52A025F255EB93 /* Pods_CaseStudyiOS.framework in Frameworks */,
			);
			runOnlyForDeploymentPostprocessing = 0;
		};
		095D46E62A615DCF002EAA82 /* Frameworks */ = {
			isa = PBXFrameworksBuildPhase;
			buildActionMask = 2147483647;
			files = (
				DAB609D1DEF8B077BC3C76CD /* Pods_CaseStudyiOSTests.framework in Frameworks */,
			);
			runOnlyForDeploymentPostprocessing = 0;
		};
		095D46F02A615DCF002EAA82 /* Frameworks */ = {
			isa = PBXFrameworksBuildPhase;
			buildActionMask = 2147483647;
			files = (
				42EAF9F4E76F6D5C9CFA5E42 /* Pods_CaseStudyiOS_CaseStudyiOSUITests.framework in Frameworks */,
			);
			runOnlyForDeploymentPostprocessing = 0;
		};
/* End PBXFrameworksBuildPhase section */

/* Begin PBXGroup section */
		095D46D02A615DCE002EAA82 = {
			isa = PBXGroup;
			children = (
				095D46DB2A615DCE002EAA82 /* CaseStudyiOS */,
				095D46EC2A615DCF002EAA82 /* CaseStudyiOSTests */,
				095D46F62A615DCF002EAA82 /* CaseStudyiOSUITests */,
				095D46DA2A615DCE002EAA82 /* Products */,
				FE8F51F8C61B4DA6D21FFEF3 /* Pods */,
				8DB1C9A6D7C5374FF6F3CB0C /* Frameworks */,
			);
			sourceTree = "<group>";
		};
		095D46DA2A615DCE002EAA82 /* Products */ = {
			isa = PBXGroup;
			children = (
				095D46D92A615DCE002EAA82 /* CaseStudyiOS.app */,
				095D46E92A615DCF002EAA82 /* CaseStudyiOSTests.xctest */,
				095D46F32A615DCF002EAA82 /* CaseStudyiOSUITests.xctest */,
			);
			name = Products;
			sourceTree = "<group>";
		};
		095D46DB2A615DCE002EAA82 /* CaseStudyiOS */ = {
			isa = PBXGroup;
			children = (
				095D46DC2A615DCE002EAA82 /* CaseStudyiOSApp.swift */,
				09DAEE8C2A62C5190043A0F5 /* Signup */,
				09DAEE8B2A62C50E0043A0F5 /* CustomViews */,
				095D46E02A615DCF002EAA82 /* Assets.xcassets */,
				095D46E22A615DCF002EAA82 /* Preview Content */,
			);
			path = CaseStudyiOS;
			sourceTree = "<group>";
		};
		095D46E22A615DCF002EAA82 /* Preview Content */ = {
			isa = PBXGroup;
			children = (
				095D46E32A615DCF002EAA82 /* Preview Assets.xcassets */,
			);
			path = "Preview Content";
			sourceTree = "<group>";
		};
		095D46EC2A615DCF002EAA82 /* CaseStudyiOSTests */ = {
			isa = PBXGroup;
			children = (
				095D46ED2A615DCF002EAA82 /* CaseStudyiOSTests.swift */,
				09DAEE8D2A62C7590043A0F5 /* SignupTests.swift */,
			);
			path = CaseStudyiOSTests;
			sourceTree = "<group>";
		};
		095D46F62A615DCF002EAA82 /* CaseStudyiOSUITests */ = {
			isa = PBXGroup;
			children = (
				095D46F72A615DCF002EAA82 /* CaseStudyiOSUITests.swift */,
				095D46F92A615DCF002EAA82 /* CaseStudyiOSUITestsLaunchTests.swift */,
			);
			path = CaseStudyiOSUITests;
			sourceTree = "<group>";
		};
		09DAEE8B2A62C50E0043A0F5 /* CustomViews */ = {
			isa = PBXGroup;
			children = (
				09DAEE832A61746F0043A0F5 /* CSTextField.swift */,
				09DAEE872A62A88F0043A0F5 /* CSButton.swift */,
				09DAEE892A62AB4F0043A0F5 /* CSTextFieldModifier.swift */,
			);
			path = CustomViews;
			sourceTree = "<group>";
		};
		09DAEE8C2A62C5190043A0F5 /* Signup */ = {
			isa = PBXGroup;
			children = (
				095D46DE2A615DCE002EAA82 /* SignupView.swift */,
				09DAEE852A62A2CB0043A0F5 /* SignupViewModel.swift */,
			);
			path = Signup;
			sourceTree = "<group>";
		};
		8DB1C9A6D7C5374FF6F3CB0C /* Frameworks */ = {
			isa = PBXGroup;
			children = (
				88FF382A4E082056A61CD041 /* Pods_CaseStudyiOS.framework */,
				BB281349672C9CDE01589C49 /* Pods_CaseStudyiOS_CaseStudyiOSUITests.framework */,
				D400099224805B5B59CF7ACC /* Pods_CaseStudyiOSTests.framework */,
			);
			name = Frameworks;
			sourceTree = "<group>";
		};
		FE8F51F8C61B4DA6D21FFEF3 /* Pods */ = {
			isa = PBXGroup;
			children = (
				E6A36DF6A73926456EF8DE88 /* Pods-CaseStudyiOS.debug.xcconfig */,
				FBA4E5A1418CE6DF527E8A46 /* Pods-CaseStudyiOS.release.xcconfig */,
				17E3F4B1C94FCBE11AACEB29 /* Pods-CaseStudyiOS-CaseStudyiOSUITests.debug.xcconfig */,
				63B479F635DBF0B464A6BE7A /* Pods-CaseStudyiOS-CaseStudyiOSUITests.release.xcconfig */,
				EC2A139DA109FE16D9EFB0AC /* Pods-CaseStudyiOSTests.debug.xcconfig */,
				33C98D6DCA3ADD2BF51DFB37 /* Pods-CaseStudyiOSTests.release.xcconfig */,
			);
			path = Pods;
			sourceTree = "<group>";
		};
/* End PBXGroup section */

/* Begin PBXNativeTarget section */
		095D46D82A615DCE002EAA82 /* CaseStudyiOS */ = {
			isa = PBXNativeTarget;
			buildConfigurationList = 095D46FD2A615DCF002EAA82 /* Build configuration list for PBXNativeTarget "CaseStudyiOS" */;
			buildPhases = (
				ACFE2B1EF04180C785A6AFB7 /* [CP] Check Pods Manifest.lock */,
				095D47062A615F22002EAA82 /* Swiftlint */,
				095D46D52A615DCE002EAA82 /* Sources */,
				095D46D62A615DCE002EAA82 /* Frameworks */,
				095D46D72A615DCE002EAA82 /* Resources */,
			);
			buildRules = (
			);
			dependencies = (
			);
			name = CaseStudyiOS;
			productName = CaseStudyiOS;
			productReference = 095D46D92A615DCE002EAA82 /* CaseStudyiOS.app */;
			productType = "com.apple.product-type.application";
		};
		095D46E82A615DCF002EAA82 /* CaseStudyiOSTests */ = {
			isa = PBXNativeTarget;
			buildConfigurationList = 095D47002A615DCF002EAA82 /* Build configuration list for PBXNativeTarget "CaseStudyiOSTests" */;
			buildPhases = (
				253C5CB360FF4916DAC5BAB8 /* [CP] Check Pods Manifest.lock */,
				095D46E52A615DCF002EAA82 /* Sources */,
				095D46E62A615DCF002EAA82 /* Frameworks */,
				095D46E72A615DCF002EAA82 /* Resources */,
			);
			buildRules = (
			);
			dependencies = (
				095D46EB2A615DCF002EAA82 /* PBXTargetDependency */,
			);
			name = CaseStudyiOSTests;
			productName = CaseStudyiOSTests;
			productReference = 095D46E92A615DCF002EAA82 /* CaseStudyiOSTests.xctest */;
			productType = "com.apple.product-type.bundle.unit-test";
		};
		095D46F22A615DCF002EAA82 /* CaseStudyiOSUITests */ = {
			isa = PBXNativeTarget;
			buildConfigurationList = 095D47032A615DCF002EAA82 /* Build configuration list for PBXNativeTarget "CaseStudyiOSUITests" */;
			buildPhases = (
				C3617A361917B0F1A122D1C5 /* [CP] Check Pods Manifest.lock */,
				095D46EF2A615DCF002EAA82 /* Sources */,
				095D46F02A615DCF002EAA82 /* Frameworks */,
				095D46F12A615DCF002EAA82 /* Resources */,
			);
			buildRules = (
			);
			dependencies = (
				095D46F52A615DCF002EAA82 /* PBXTargetDependency */,
			);
			name = CaseStudyiOSUITests;
			productName = CaseStudyiOSUITests;
			productReference = 095D46F32A615DCF002EAA82 /* CaseStudyiOSUITests.xctest */;
			productType = "com.apple.product-type.bundle.ui-testing";
		};
/* End PBXNativeTarget section */

/* Begin PBXProject section */
		095D46D12A615DCE002EAA82 /* Project object */ = {
			isa = PBXProject;
			attributes = {
				BuildIndependentTargetsInParallel = 1;
				LastSwiftUpdateCheck = 1420;
				LastUpgradeCheck = 1420;
				TargetAttributes = {
					095D46D82A615DCE002EAA82 = {
						CreatedOnToolsVersion = 14.2;
					};
					095D46E82A615DCF002EAA82 = {
						CreatedOnToolsVersion = 14.2;
						TestTargetID = 095D46D82A615DCE002EAA82;
					};
					095D46F22A615DCF002EAA82 = {
						CreatedOnToolsVersion = 14.2;
						TestTargetID = 095D46D82A615DCE002EAA82;
					};
				};
			};
			buildConfigurationList = 095D46D42A615DCE002EAA82 /* Build configuration list for PBXProject "CaseStudyiOS" */;
			compatibilityVersion = "Xcode 14.0";
			developmentRegion = en;
			hasScannedForEncodings = 0;
			knownRegions = (
				en,
				Base,
			);
			mainGroup = 095D46D02A615DCE002EAA82;
			productRefGroup = 095D46DA2A615DCE002EAA82 /* Products */;
			projectDirPath = "";
			projectRoot = "";
			targets = (
				095D46D82A615DCE002EAA82 /* CaseStudyiOS */,
				095D46E82A615DCF002EAA82 /* CaseStudyiOSTests */,
				095D46F22A615DCF002EAA82 /* CaseStudyiOSUITests */,
			);
		};
/* End PBXProject section */

/* Begin PBXResourcesBuildPhase section */
		095D46D72A615DCE002EAA82 /* Resources */ = {
			isa = PBXResourcesBuildPhase;
			buildActionMask = 2147483647;
			files = (
				095D46E42A615DCF002EAA82 /* Preview Assets.xcassets in Resources */,
				095D46E12A615DCF002EAA82 /* Assets.xcassets in Resources */,
			);
			runOnlyForDeploymentPostprocessing = 0;
		};
		095D46E72A615DCF002EAA82 /* Resources */ = {
			isa = PBXResourcesBuildPhase;
			buildActionMask = 2147483647;
			files = (
			);
			runOnlyForDeploymentPostprocessing = 0;
		};
		095D46F12A615DCF002EAA82 /* Resources */ = {
			isa = PBXResourcesBuildPhase;
			buildActionMask = 2147483647;
			files = (
			);
			runOnlyForDeploymentPostprocessing = 0;
		};
/* End PBXResourcesBuildPhase section */

/* Begin PBXShellScriptBuildPhase section */
		095D47062A615F22002EAA82 /* Swiftlint */ = {
			isa = PBXShellScriptBuildPhase;
			buildActionMask = 2147483647;
			files = (
			);
			inputFileListPaths = (
			);
			inputPaths = (
			);
			name = Swiftlint;
			outputFileListPaths = (
			);
			outputPaths = (
			);
			runOnlyForDeploymentPostprocessing = 0;
			shellPath = /bin/sh;
			shellScript = "export PATH=\"$PATH:/opt/homebrew/bin\"\nif which swiftlint > /dev/null; then\n  swiftlint\nelse\n  echo \"warning: SwiftLint not installed, download from https://github.com/realm/SwiftLint\"\nfi\n\n";
		};
		253C5CB360FF4916DAC5BAB8 /* [CP] Check Pods Manifest.lock */ = {
			isa = PBXShellScriptBuildPhase;
			buildActionMask = 2147483647;
			files = (
			);
			inputFileListPaths = (
			);
			inputPaths = (
				"${PODS_PODFILE_DIR_PATH}/Podfile.lock",
				"${PODS_ROOT}/Manifest.lock",
			);
			name = "[CP] Check Pods Manifest.lock";
			outputFileListPaths = (
			);
			outputPaths = (
				"$(DERIVED_FILE_DIR)/Pods-CaseStudyiOSTests-checkManifestLockResult.txt",
			);
			runOnlyForDeploymentPostprocessing = 0;
			shellPath = /bin/sh;
			shellScript = "diff \"${PODS_PODFILE_DIR_PATH}/Podfile.lock\" \"${PODS_ROOT}/Manifest.lock\" > /dev/null\nif [ $? != 0 ] ; then\n    # print error to STDERR\n    echo \"error: The sandbox is not in sync with the Podfile.lock. Run 'pod install' or update your CocoaPods installation.\" >&2\n    exit 1\nfi\n# This output is used by Xcode 'outputs' to avoid re-running this script phase.\necho \"SUCCESS\" > \"${SCRIPT_OUTPUT_FILE_0}\"\n";
			showEnvVarsInLog = 0;
		};
		ACFE2B1EF04180C785A6AFB7 /* [CP] Check Pods Manifest.lock */ = {
			isa = PBXShellScriptBuildPhase;
			buildActionMask = 2147483647;
			files = (
			);
			inputFileListPaths = (
			);
			inputPaths = (
				"${PODS_PODFILE_DIR_PATH}/Podfile.lock",
				"${PODS_ROOT}/Manifest.lock",
			);
			name = "[CP] Check Pods Manifest.lock";
			outputFileListPaths = (
			);
			outputPaths = (
				"$(DERIVED_FILE_DIR)/Pods-CaseStudyiOS-checkManifestLockResult.txt",
			);
			runOnlyForDeploymentPostprocessing = 0;
			shellPath = /bin/sh;
			shellScript = "diff \"${PODS_PODFILE_DIR_PATH}/Podfile.lock\" \"${PODS_ROOT}/Manifest.lock\" > /dev/null\nif [ $? != 0 ] ; then\n    # print error to STDERR\n    echo \"error: The sandbox is not in sync with the Podfile.lock. Run 'pod install' or update your CocoaPods installation.\" >&2\n    exit 1\nfi\n# This output is used by Xcode 'outputs' to avoid re-running this script phase.\necho \"SUCCESS\" > \"${SCRIPT_OUTPUT_FILE_0}\"\n";
			showEnvVarsInLog = 0;
		};
		C3617A361917B0F1A122D1C5 /* [CP] Check Pods Manifest.lock */ = {
			isa = PBXShellScriptBuildPhase;
			buildActionMask = 2147483647;
			files = (
			);
			inputFileListPaths = (
			);
			inputPaths = (
				"${PODS_PODFILE_DIR_PATH}/Podfile.lock",
				"${PODS_ROOT}/Manifest.lock",
			);
			name = "[CP] Check Pods Manifest.lock";
			outputFileListPaths = (
			);
			outputPaths = (
				"$(DERIVED_FILE_DIR)/Pods-CaseStudyiOS-CaseStudyiOSUITests-checkManifestLockResult.txt",
			);
			runOnlyForDeploymentPostprocessing = 0;
			shellPath = /bin/sh;
			shellScript = "diff \"${PODS_PODFILE_DIR_PATH}/Podfile.lock\" \"${PODS_ROOT}/Manifest.lock\" > /dev/null\nif [ $? != 0 ] ; then\n    # print error to STDERR\n    echo \"error: The sandbox is not in sync with the Podfile.lock. Run 'pod install' or update your CocoaPods installation.\" >&2\n    exit 1\nfi\n# This output is used by Xcode 'outputs' to avoid re-running this script phase.\necho \"SUCCESS\" > \"${SCRIPT_OUTPUT_FILE_0}\"\n";
			showEnvVarsInLog = 0;
		};
/* End PBXShellScriptBuildPhase section */

/* Begin PBXSourcesBuildPhase section */
		095D46D52A615DCE002EAA82 /* Sources */ = {
			isa = PBXSourcesBuildPhase;
			buildActionMask = 2147483647;
			files = (
				095D46DF2A615DCE002EAA82 /* SignupView.swift in Sources */,
				09DAEE882A62A88F0043A0F5 /* CSButton.swift in Sources */,
				095D46DD2A615DCE002EAA82 /* CaseStudyiOSApp.swift in Sources */,
				09DAEE862A62A2CB0043A0F5 /* SignupViewModel.swift in Sources */,
				09DAEE8A2A62AB4F0043A0F5 /* CSTextFieldModifier.swift in Sources */,
				09DAEE842A61746F0043A0F5 /* CSTextField.swift in Sources */,
			);
			runOnlyForDeploymentPostprocessing = 0;
		};
		095D46E52A615DCF002EAA82 /* Sources */ = {
			isa = PBXSourcesBuildPhase;
			buildActionMask = 2147483647;
			files = (
				095D46EE2A615DCF002EAA82 /* CaseStudyiOSTests.swift in Sources */,
				09DAEE8E2A62C7590043A0F5 /* SignupTests.swift in Sources */,
			);
			runOnlyForDeploymentPostprocessing = 0;
		};
		095D46EF2A615DCF002EAA82 /* Sources */ = {
			isa = PBXSourcesBuildPhase;
			buildActionMask = 2147483647;
			files = (
				095D46FA2A615DCF002EAA82 /* CaseStudyiOSUITestsLaunchTests.swift in Sources */,
				095D46F82A615DCF002EAA82 /* CaseStudyiOSUITests.swift in Sources */,
			);
			runOnlyForDeploymentPostprocessing = 0;
		};
/* End PBXSourcesBuildPhase section */

/* Begin PBXTargetDependency section */
		095D46EB2A615DCF002EAA82 /* PBXTargetDependency */ = {
			isa = PBXTargetDependency;
			target = 095D46D82A615DCE002EAA82 /* CaseStudyiOS */;
			targetProxy = 095D46EA2A615DCF002EAA82 /* PBXContainerItemProxy */;
		};
		095D46F52A615DCF002EAA82 /* PBXTargetDependency */ = {
			isa = PBXTargetDependency;
			target = 095D46D82A615DCE002EAA82 /* CaseStudyiOS */;
			targetProxy = 095D46F42A615DCF002EAA82 /* PBXContainerItemProxy */;
		};
/* End PBXTargetDependency section */

/* Begin XCBuildConfiguration section */
		095D46FB2A615DCF002EAA82 /* Debug */ = {
			isa = XCBuildConfiguration;
			buildSettings = {
				ALWAYS_SEARCH_USER_PATHS = NO;
				CLANG_ANALYZER_NONNULL = YES;
				CLANG_ANALYZER_NUMBER_OBJECT_CONVERSION = YES_AGGRESSIVE;
				CLANG_CXX_LANGUAGE_STANDARD = "gnu++20";
				CLANG_ENABLE_MODULES = YES;
				CLANG_ENABLE_OBJC_ARC = YES;
				CLANG_ENABLE_OBJC_WEAK = YES;
				CLANG_WARN_BLOCK_CAPTURE_AUTORELEASING = YES;
				CLANG_WARN_BOOL_CONVERSION = YES;
				CLANG_WARN_COMMA = YES;
				CLANG_WARN_CONSTANT_CONVERSION = YES;
				CLANG_WARN_DEPRECATED_OBJC_IMPLEMENTATIONS = YES;
				CLANG_WARN_DIRECT_OBJC_ISA_USAGE = YES_ERROR;
				CLANG_WARN_DOCUMENTATION_COMMENTS = YES;
				CLANG_WARN_EMPTY_BODY = YES;
				CLANG_WARN_ENUM_CONVERSION = YES;
				CLANG_WARN_INFINITE_RECURSION = YES;
				CLANG_WARN_INT_CONVERSION = YES;
				CLANG_WARN_NON_LITERAL_NULL_CONVERSION = YES;
				CLANG_WARN_OBJC_IMPLICIT_RETAIN_SELF = YES;
				CLANG_WARN_OBJC_LITERAL_CONVERSION = YES;
				CLANG_WARN_OBJC_ROOT_CLASS = YES_ERROR;
				CLANG_WARN_QUOTED_INCLUDE_IN_FRAMEWORK_HEADER = YES;
				CLANG_WARN_RANGE_LOOP_ANALYSIS = YES;
				CLANG_WARN_STRICT_PROTOTYPES = YES;
				CLANG_WARN_SUSPICIOUS_MOVE = YES;
				CLANG_WARN_UNGUARDED_AVAILABILITY = YES_AGGRESSIVE;
				CLANG_WARN_UNREACHABLE_CODE = YES;
				CLANG_WARN__DUPLICATE_METHOD_MATCH = YES;
				COPY_PHASE_STRIP = NO;
				DEBUG_INFORMATION_FORMAT = dwarf;
				ENABLE_STRICT_OBJC_MSGSEND = YES;
				ENABLE_TESTABILITY = YES;
				GCC_C_LANGUAGE_STANDARD = gnu11;
				GCC_DYNAMIC_NO_PIC = NO;
				GCC_NO_COMMON_BLOCKS = YES;
				GCC_OPTIMIZATION_LEVEL = 0;
				GCC_PREPROCESSOR_DEFINITIONS = (
					"DEBUG=1",
					"$(inherited)",
				);
				GCC_WARN_64_TO_32_BIT_CONVERSION = YES;
				GCC_WARN_ABOUT_RETURN_TYPE = YES_ERROR;
				GCC_WARN_UNDECLARED_SELECTOR = YES;
				GCC_WARN_UNINITIALIZED_AUTOS = YES_AGGRESSIVE;
				GCC_WARN_UNUSED_FUNCTION = YES;
				GCC_WARN_UNUSED_VARIABLE = YES;
				IPHONEOS_DEPLOYMENT_TARGET = 16.2;
				MTL_ENABLE_DEBUG_INFO = INCLUDE_SOURCE;
				MTL_FAST_MATH = YES;
				ONLY_ACTIVE_ARCH = YES;
				SDKROOT = iphoneos;
				SWIFT_ACTIVE_COMPILATION_CONDITIONS = DEBUG;
				SWIFT_OPTIMIZATION_LEVEL = "-Onone";
			};
			name = Debug;
		};
		095D46FC2A615DCF002EAA82 /* Release */ = {
			isa = XCBuildConfiguration;
			buildSettings = {
				ALWAYS_SEARCH_USER_PATHS = NO;
				CLANG_ANALYZER_NONNULL = YES;
				CLANG_ANALYZER_NUMBER_OBJECT_CONVERSION = YES_AGGRESSIVE;
				CLANG_CXX_LANGUAGE_STANDARD = "gnu++20";
				CLANG_ENABLE_MODULES = YES;
				CLANG_ENABLE_OBJC_ARC = YES;
				CLANG_ENABLE_OBJC_WEAK = YES;
				CLANG_WARN_BLOCK_CAPTURE_AUTORELEASING = YES;
				CLANG_WARN_BOOL_CONVERSION = YES;
				CLANG_WARN_COMMA = YES;
				CLANG_WARN_CONSTANT_CONVERSION = YES;
				CLANG_WARN_DEPRECATED_OBJC_IMPLEMENTATIONS = YES;
				CLANG_WARN_DIRECT_OBJC_ISA_USAGE = YES_ERROR;
				CLANG_WARN_DOCUMENTATION_COMMENTS = YES;
				CLANG_WARN_EMPTY_BODY = YES;
				CLANG_WARN_ENUM_CONVERSION = YES;
				CLANG_WARN_INFINITE_RECURSION = YES;
				CLANG_WARN_INT_CONVERSION = YES;
				CLANG_WARN_NON_LITERAL_NULL_CONVERSION = YES;
				CLANG_WARN_OBJC_IMPLICIT_RETAIN_SELF = YES;
				CLANG_WARN_OBJC_LITERAL_CONVERSION = YES;
				CLANG_WARN_OBJC_ROOT_CLASS = YES_ERROR;
				CLANG_WARN_QUOTED_INCLUDE_IN_FRAMEWORK_HEADER = YES;
				CLANG_WARN_RANGE_LOOP_ANALYSIS = YES;
				CLANG_WARN_STRICT_PROTOTYPES = YES;
				CLANG_WARN_SUSPICIOUS_MOVE = YES;
				CLANG_WARN_UNGUARDED_AVAILABILITY = YES_AGGRESSIVE;
				CLANG_WARN_UNREACHABLE_CODE = YES;
				CLANG_WARN__DUPLICATE_METHOD_MATCH = YES;
				COPY_PHASE_STRIP = NO;
				DEBUG_INFORMATION_FORMAT = "dwarf-with-dsym";
				ENABLE_NS_ASSERTIONS = NO;
				ENABLE_STRICT_OBJC_MSGSEND = YES;
				GCC_C_LANGUAGE_STANDARD = gnu11;
				GCC_NO_COMMON_BLOCKS = YES;
				GCC_WARN_64_TO_32_BIT_CONVERSION = YES;
				GCC_WARN_ABOUT_RETURN_TYPE = YES_ERROR;
				GCC_WARN_UNDECLARED_SELECTOR = YES;
				GCC_WARN_UNINITIALIZED_AUTOS = YES_AGGRESSIVE;
				GCC_WARN_UNUSED_FUNCTION = YES;
				GCC_WARN_UNUSED_VARIABLE = YES;
				IPHONEOS_DEPLOYMENT_TARGET = 16.2;
				MTL_ENABLE_DEBUG_INFO = NO;
				MTL_FAST_MATH = YES;
				SDKROOT = iphoneos;
				SWIFT_COMPILATION_MODE = wholemodule;
				SWIFT_OPTIMIZATION_LEVEL = "-O";
				VALIDATE_PRODUCT = YES;
			};
			name = Release;
		};
		095D46FE2A615DCF002EAA82 /* Debug */ = {
			isa = XCBuildConfiguration;
			baseConfigurationReference = E6A36DF6A73926456EF8DE88 /* Pods-CaseStudyiOS.debug.xcconfig */;
			buildSettings = {
				ASSETCATALOG_COMPILER_APPICON_NAME = AppIcon;
				ASSETCATALOG_COMPILER_GLOBAL_ACCENT_COLOR_NAME = AccentColor;
				CODE_SIGN_STYLE = Automatic;
				CURRENT_PROJECT_VERSION = 1;
				DEVELOPMENT_ASSET_PATHS = "\"CaseStudyiOS/Preview Content\"";
				ENABLE_PREVIEWS = YES;
				GENERATE_INFOPLIST_FILE = YES;
				INFOPLIST_KEY_UIApplicationSceneManifest_Generation = YES;
				INFOPLIST_KEY_UIApplicationSupportsIndirectInputEvents = YES;
				INFOPLIST_KEY_UILaunchScreen_Generation = YES;
				INFOPLIST_KEY_UISupportedInterfaceOrientations_iPad = "UIInterfaceOrientationPortrait UIInterfaceOrientationPortraitUpsideDown UIInterfaceOrientationLandscapeLeft UIInterfaceOrientationLandscapeRight";
				INFOPLIST_KEY_UISupportedInterfaceOrientations_iPhone = "UIInterfaceOrientationPortrait UIInterfaceOrientationLandscapeLeft UIInterfaceOrientationLandscapeRight";
				LD_RUNPATH_SEARCH_PATHS = (
					"$(inherited)",
					"@executable_path/Frameworks",
				);
				MARKETING_VERSION = 1.0;
				PRODUCT_BUNDLE_IDENTIFIER = com.akhileshpratap.CaseStudyiOS;
				PRODUCT_NAME = "$(TARGET_NAME)";
				SWIFT_EMIT_LOC_STRINGS = YES;
				SWIFT_VERSION = 5.0;
				TARGETED_DEVICE_FAMILY = "1,2";
			};
			name = Debug;
		};
		095D46FF2A615DCF002EAA82 /* Release */ = {
			isa = XCBuildConfiguration;
			baseConfigurationReference = FBA4E5A1418CE6DF527E8A46 /* Pods-CaseStudyiOS.release.xcconfig */;
			buildSettings = {
				ASSETCATALOG_COMPILER_APPICON_NAME = AppIcon;
				ASSETCATALOG_COMPILER_GLOBAL_ACCENT_COLOR_NAME = AccentColor;
				CODE_SIGN_STYLE = Automatic;
				CURRENT_PROJECT_VERSION = 1;
				DEVELOPMENT_ASSET_PATHS = "\"CaseStudyiOS/Preview Content\"";
				ENABLE_PREVIEWS = YES;
				GENERATE_INFOPLIST_FILE = YES;
				INFOPLIST_KEY_UIApplicationSceneManifest_Generation = YES;
				INFOPLIST_KEY_UIApplicationSupportsIndirectInputEvents = YES;
				INFOPLIST_KEY_UILaunchScreen_Generation = YES;
				INFOPLIST_KEY_UISupportedInterfaceOrientations_iPad = "UIInterfaceOrientationPortrait UIInterfaceOrientationPortraitUpsideDown UIInterfaceOrientationLandscapeLeft UIInterfaceOrientationLandscapeRight";
				INFOPLIST_KEY_UISupportedInterfaceOrientations_iPhone = "UIInterfaceOrientationPortrait UIInterfaceOrientationLandscapeLeft UIInterfaceOrientationLandscapeRight";
				LD_RUNPATH_SEARCH_PATHS = (
					"$(inherited)",
					"@executable_path/Frameworks",
				);
				MARKETING_VERSION = 1.0;
				PRODUCT_BUNDLE_IDENTIFIER = com.akhileshpratap.CaseStudyiOS;
				PRODUCT_NAME = "$(TARGET_NAME)";
				SWIFT_EMIT_LOC_STRINGS = YES;
				SWIFT_VERSION = 5.0;
				TARGETED_DEVICE_FAMILY = "1,2";
			};
			name = Release;
		};
		095D47012A615DCF002EAA82 /* Debug */ = {
			isa = XCBuildConfiguration;
			baseConfigurationReference = EC2A139DA109FE16D9EFB0AC /* Pods-CaseStudyiOSTests.debug.xcconfig */;
			buildSettings = {
				ALWAYS_EMBED_SWIFT_STANDARD_LIBRARIES = YES;
				BUNDLE_LOADER = "$(TEST_HOST)";
				CODE_SIGN_STYLE = Automatic;
				CURRENT_PROJECT_VERSION = 1;
				GENERATE_INFOPLIST_FILE = YES;
				IPHONEOS_DEPLOYMENT_TARGET = 16.2;
				MARKETING_VERSION = 1.0;
				PRODUCT_BUNDLE_IDENTIFIER = com.akhileshpratap.CaseStudyiOSTests;
				PRODUCT_NAME = "$(TARGET_NAME)";
				SWIFT_EMIT_LOC_STRINGS = NO;
				SWIFT_VERSION = 5.0;
				TARGETED_DEVICE_FAMILY = "1,2";
				TEST_HOST = "$(BUILT_PRODUCTS_DIR)/CaseStudyiOS.app/$(BUNDLE_EXECUTABLE_FOLDER_PATH)/CaseStudyiOS";
			};
			name = Debug;
		};
		095D47022A615DCF002EAA82 /* Release */ = {
			isa = XCBuildConfiguration;
			baseConfigurationReference = 33C98D6DCA3ADD2BF51DFB37 /* Pods-CaseStudyiOSTests.release.xcconfig */;
			buildSettings = {
				ALWAYS_EMBED_SWIFT_STANDARD_LIBRARIES = YES;
				BUNDLE_LOADER = "$(TEST_HOST)";
				CODE_SIGN_STYLE = Automatic;
				CURRENT_PROJECT_VERSION = 1;
				GENERATE_INFOPLIST_FILE = YES;
				IPHONEOS_DEPLOYMENT_TARGET = 16.2;
				MARKETING_VERSION = 1.0;
				PRODUCT_BUNDLE_IDENTIFIER = com.akhileshpratap.CaseStudyiOSTests;
				PRODUCT_NAME = "$(TARGET_NAME)";
				SWIFT_EMIT_LOC_STRINGS = NO;
				SWIFT_VERSION = 5.0;
				TARGETED_DEVICE_FAMILY = "1,2";
				TEST_HOST = "$(BUILT_PRODUCTS_DIR)/CaseStudyiOS.app/$(BUNDLE_EXECUTABLE_FOLDER_PATH)/CaseStudyiOS";
			};
			name = Release;
		};
		095D47042A615DCF002EAA82 /* Debug */ = {
			isa = XCBuildConfiguration;
			baseConfigurationReference = 17E3F4B1C94FCBE11AACEB29 /* Pods-CaseStudyiOS-CaseStudyiOSUITests.debug.xcconfig */;
			buildSettings = {
				ALWAYS_EMBED_SWIFT_STANDARD_LIBRARIES = YES;
				CODE_SIGN_STYLE = Automatic;
				CURRENT_PROJECT_VERSION = 1;
				GENERATE_INFOPLIST_FILE = YES;
				MARKETING_VERSION = 1.0;
				PRODUCT_BUNDLE_IDENTIFIER = com.akhileshpratap.CaseStudyiOSUITests;
				PRODUCT_NAME = "$(TARGET_NAME)";
				SWIFT_EMIT_LOC_STRINGS = NO;
				SWIFT_VERSION = 5.0;
				TARGETED_DEVICE_FAMILY = "1,2";
				TEST_TARGET_NAME = CaseStudyiOS;
			};
			name = Debug;
		};
		095D47052A615DCF002EAA82 /* Release */ = {
			isa = XCBuildConfiguration;
			baseConfigurationReference = 63B479F635DBF0B464A6BE7A /* Pods-CaseStudyiOS-CaseStudyiOSUITests.release.xcconfig */;
			buildSettings = {
				ALWAYS_EMBED_SWIFT_STANDARD_LIBRARIES = YES;
				CODE_SIGN_STYLE = Automatic;
				CURRENT_PROJECT_VERSION = 1;
				GENERATE_INFOPLIST_FILE = YES;
				MARKETING_VERSION = 1.0;
				PRODUCT_BUNDLE_IDENTIFIER = com.akhileshpratap.CaseStudyiOSUITests;
				PRODUCT_NAME = "$(TARGET_NAME)";
				SWIFT_EMIT_LOC_STRINGS = NO;
				SWIFT_VERSION = 5.0;
				TARGETED_DEVICE_FAMILY = "1,2";
				TEST_TARGET_NAME = CaseStudyiOS;
			};
			name = Release;
		};
/* End XCBuildConfiguration section */

/* Begin XCConfigurationList section */
		095D46D42A615DCE002EAA82 /* Build configuration list for PBXProject "CaseStudyiOS" */ = {
			isa = XCConfigurationList;
			buildConfigurations = (
				095D46FB2A615DCF002EAA82 /* Debug */,
				095D46FC2A615DCF002EAA82 /* Release */,
			);
			defaultConfigurationIsVisible = 0;
			defaultConfigurationName = Release;
		};
		095D46FD2A615DCF002EAA82 /* Build configuration list for PBXNativeTarget "CaseStudyiOS" */ = {
			isa = XCConfigurationList;
			buildConfigurations = (
				095D46FE2A615DCF002EAA82 /* Debug */,
				095D46FF2A615DCF002EAA82 /* Release */,
			);
			defaultConfigurationIsVisible = 0;
			defaultConfigurationName = Release;
		};
		095D47002A615DCF002EAA82 /* Build configuration list for PBXNativeTarget "CaseStudyiOSTests" */ = {
			isa = XCConfigurationList;
			buildConfigurations = (
				095D47012A615DCF002EAA82 /* Debug */,
				095D47022A615DCF002EAA82 /* Release */,
			);
			defaultConfigurationIsVisible = 0;
			defaultConfigurationName = Release;
		};
		095D47032A615DCF002EAA82 /* Build configuration list for PBXNativeTarget "CaseStudyiOSUITests" */ = {
			isa = XCConfigurationList;
			buildConfigurations = (
				095D47042A615DCF002EAA82 /* Debug */,
				095D47052A615DCF002EAA82 /* Release */,
			);
			defaultConfigurationIsVisible = 0;
			defaultConfigurationName = Release;
		};
/* End XCConfigurationList section */
	};
	rootObject = 095D46D12A615DCE002EAA82 /* Project object */;
}
